
Microsoft Visual Studio Solution File, Format Version 12.00
# Visual Studio Version 17
VisualStudioVersion = 17.8.34322.80
MinimumVisualStudioVersion = 10.0.40219.1
Project("{FAE04EC0-301F-11D3-BF4B-00C04F79EFBC}") = "LinkedListLogicTest", "LinkedListLogicTest\LinkedListLogicTest.csproj", "{1158A6E7-8663-499D-91E1-B51F444CBFA9}"
EndProject
Global
	GlobalSection(SolutionConfigurationPlatforms) = preSolution
		Debug|Any CPU = Debug|Any CPU
		Release|Any CPU = Release|Any CPU
	EndGlobalSection
	GlobalSection(ProjectConfigurationPlatforms) = postSolution
		{1158A6E7-8663-499D-91E1-B51F444CBFA9}.Debug|Any CPU.ActiveCfg = Debug|Any CPU
		{1158A6E7-8663-499D-91E1-B51F444CBFA9}.Debug|Any CPU.Build.0 = Debug|Any CPU
		{1158A6E7-8663-499D-91E1-B51F444CBFA9}.Release|Any CPU.ActiveCfg = Release|Any CPU
		{1158A6E7-8663-499D-91E1-B51F444CBFA9}.Release|Any CPU.Build.0 = Release|Any CPU
	EndGlobalSection
	GlobalSection(SolutionProperties) = preSolution
		HideSolutionNode = FALSE
	EndGlobalSection
	GlobalSection(ExtensibilityGlobals) = postSolution
		SolutionGuid = {C365AA18-E94C-4C51-B2B0-33FDFDBD231D}
	EndGlobalSection
EndGlobal
